
Microsoft Visual Studio Solution File, Format Version 12.00
# Visual Studio Version 17
VisualStudioVersion = 17.9.34728.123
MinimumVisualStudioVersion = 10.0.40219.1
Project("{FAE04EC0-301F-11D3-BF4B-00C04F79EFBC}") = "CalcCustos", "CalcCustos.csproj", "{662E7B7F-AC5C-44C6-8500-67F108B261BE}"
EndProject
Global
	GlobalSection(SolutionConfigurationPlatforms) = preSolution
		Debug|Any CPU = Debug|Any CPU
		Release|Any CPU = Release|Any CPU
	EndGlobalSection
	GlobalSection(ProjectConfigurationPlatforms) = postSolution
		{662E7B7F-AC5C-44C6-8500-67F108B261BE}.Debug|Any CPU.ActiveCfg = Debug|Any CPU
		{662E7B7F-AC5C-44C6-8500-67F108B261BE}.Debug|Any CPU.Build.0 = Debug|Any CPU
		{662E7B7F-AC5C-44C6-8500-67F108B261BE}.Release|Any CPU.ActiveCfg = Release|Any CPU
		{662E7B7F-AC5C-44C6-8500-67F108B261BE}.Release|Any CPU.Build.0 = Release|Any CPU
	EndGlobalSection
	GlobalSection(SolutionProperties) = preSolution
		HideSolutionNode = FALSE
	EndGlobalSection
	GlobalSection(ExtensibilityGlobals) = postSolution
		SolutionGuid = {99459443-D1BD-45B7-B915-9030FB87837F}
	EndGlobalSection
EndGlobal
